
Microsoft Visual Studio Solution File, Format Version 12.00
Project("{FAE04EC0-301F-11D3-BF4B-00C04F79EFBC}") = "BattleshipGame", "BattleshipGame\BattleshipGame.csproj", "{E58F9B75-FBBD-4558-879B-856088F26DBB}"
EndProject
Project("{2150E333-8FDC-42A3-9474-1A3956D46DE8}") = "2.5 - Infraestrutura", "2.5 - Infraestrutura", "{F3DFF260-DA90-469A-8EF4-5F4EE5EDD29C}"
EndProject
Project("{2150E333-8FDC-42A3-9474-1A3956D46DE8}") = "2 - Camadas", "2 - Camadas", "{BEC279AB-F7BB-4144-9A58-F7FE6E501EBD}"
EndProject
Project("{2150E333-8FDC-42A3-9474-1A3956D46DE8}") = "1 - Dependências", "1 - Dependências", "{E2E2A960-EB1F-463C-ADCA-BFBAC7CB5E5F}"
	ProjectSection(SolutionItems) = preProject
		README.md = README.md
	EndProjectSection
EndProject
Project("{2150E333-8FDC-42A3-9474-1A3956D46DE8}") = "0 - Arquitetura e Design", "0 - Arquitetura e Design", "{9BEA00D3-8F7F-4500-828A-79E8CAB5915C}"
EndProject
Project("{2150E333-8FDC-42A3-9474-1A3956D46DE8}") = "2.1 - Apresentação", "2.1 - Apresentação", "{95F99403-714B-4A8D-AB08-5C3693F9F96F}"
EndProject
Project("{2150E333-8FDC-42A3-9474-1A3956D46DE8}") = "2.2 - Serviços Distribuidos", "2.2 - Serviços Distribuidos", "{4AAFCCC7-4253-4980-8F5E-DD9264A1BEDB}"
EndProject
Project("{2150E333-8FDC-42A3-9474-1A3956D46DE8}") = "2.3 - Aplicação", "2.3 - Aplicação", "{9D118E6F-E0E1-4222-8E77-94B68DCCB23E}"
EndProject
Project("{2150E333-8FDC-42A3-9474-1A3956D46DE8}") = "2.4 - Domínio", "2.4 - Domínio", "{26C25983-34D3-4620-BD16-51C2860420C1}"
EndProject
Project("{2150E333-8FDC-42A3-9474-1A3956D46DE8}") = "3 - Qualidade", "3 - Qualidade", "{7D60AC5C-33FB-4968-AEC9-B9E08EAA51F3}"
EndProject
Project("{2150E333-8FDC-42A3-9474-1A3956D46DE8}") = "3.1 - Testes Unitários", "3.1 - Testes Unitários", "{88E2192E-0D61-46FE-8C70-9FAE87918309}"
EndProject
Project("{2150E333-8FDC-42A3-9474-1A3956D46DE8}") = "3.2 - Testes de Carga", "3.2 - Testes de Carga", "{93DF07C7-B156-4E1A-8AD4-28D846AF831B}"
EndProject
Project("{2150E333-8FDC-42A3-9474-1A3956D46DE8}") = "3.3 - Testes de Integração", "3.3 - Testes de Integração", "{E4C955A8-4185-4D7B-8D9C-57711C308514}"
EndProject
Project("{2150E333-8FDC-42A3-9474-1A3956D46DE8}") = "3.4 - Testes de Contrato", "3.4 - Testes de Contrato", "{C426FE33-A8EB-4135-8A93-7E3630794F47}"
EndProject
Project("{2150E333-8FDC-42A3-9474-1A3956D46DE8}") = "3.5 - Testes Funcionais", "3.5 - Testes Funcionais", "{BF2697E3-DF08-4145-8F1C-955D1EAF55CE}"
EndProject
Project("{FAE04EC0-301F-11D3-BF4B-00C04F79EFBC}") = "BattleshipGame.Application", "BattleshipGame.Application\BattleshipGame.Application.csproj", "{8FD1BCD4-F13C-4C33-AB34-4C3FD10A9A22}"
EndProject
Project("{FAE04EC0-301F-11D3-BF4B-00C04F79EFBC}") = "BattleshipGame.WebApi", "BattleshipGame.WebApi\BattleshipGame.WebApi.csproj", "{AA93F870-D0DD-4463-AB00-FB85090D34FB}"
EndProject
Project("{FAE04EC0-301F-11D3-BF4B-00C04F79EFBC}") = "BattleshipGame.Worker", "BattleshipGame.Worker\BattleshipGame.Worker.csproj", "{AD85EF9F-21F0-4C68-96D6-B22445EE330F}"
EndProject
Project("{FAE04EC0-301F-11D3-BF4B-00C04F79EFBC}") = "BattleshipGame.Infrastructure", "BattleshipGame.Infrastructure\BattleshipGame.Infrastructure.csproj", "{C6B18493-D706-4966-98AB-4C17C825ADB7}"
EndProject
Project("{FAE04EC0-301F-11D3-BF4B-00C04F79EFBC}") = "BattleshipGame.Infrastructure.Persistence", "BattleshipGame.Infrastructure.Persistence\BattleshipGame.Infrastructure.Persistence.csproj", "{1950627B-4BA6-494A-BAAA-391C1374613C}"
EndProject
Project("{FAE04EC0-301F-11D3-BF4B-00C04F79EFBC}") = "BattleshipGame.Domain.UnitTests", "BattleshipGame.Domain.UnitTests\BattleshipGame.Domain.UnitTests.csproj", "{E3429FF5-7257-40F6-8888-10B61A067C2E}"
EndProject
Project("{FAE04EC0-301F-11D3-BF4B-00C04F79EFBC}") = "BattleshipGame.Application.UnitTests", "BattleshipGame.Application.UnitTests\BattleshipGame.Application.UnitTests.csproj", "{19669D89-1244-4893-8CEB-8C00B39DFD48}"
EndProject
Project("{FAE04EC0-301F-11D3-BF4B-00C04F79EFBC}") = "BattleshipGame.WebApi.UnitTests", "BattleshipGame.WebApi.UnitTests\BattleshipGame.WebApi.UnitTests.csproj", "{2F556DC8-9E25-439C-A613-5379E171EA74}"
EndProject
Project("{2150E333-8FDC-42A3-9474-1A3956D46DE8}") = "1.1 - Databases", "1.1 - Databases", "{B54E25F5-A0EB-4C17-A748-41C9C1947195}"
EndProject
Project("{FAE04EC0-301F-11D3-BF4B-00C04F79EFBC}") = "BattleshipGame.Infrastructure.ReadModel", "BattleshipGame.Infrastructure.ReadModel\BattleshipGame.Infrastructure.ReadModel.csproj", "{0D9A01A7-0057-4664-B7C6-15DCC5D80783}"
EndProject
Project("{2150E333-8FDC-42A3-9474-1A3956D46DE8}") = "2.6 - Serviços Externos", "2.6 - Serviços Externos", "{F42450AE-5E33-40FD-AABD-ECA2E0443023}"
EndProject
Project("{FAE04EC0-301F-11D3-BF4B-00C04F79EFBC}") = "BattleshipGame.ExternalServices", "BattleshipGame.ExternalServices\BattleshipGame.ExternalServices.csproj", "{BDF1FC57-3826-49A4-B760-745552535FB0}"
EndProject
Project("{2150E333-8FDC-42A3-9474-1A3956D46DE8}") = "EventStore", "EventStore", "{7955BE4C-B825-4F97-9660-181E2992C27D}"
	ProjectSection(SolutionItems) = preProject
		Databases\EventStoreDb\01 - Schema - EventStore.sql = Databases\EventStoreDb\01 - Schema - EventStore.sql
		Databases\EventStoreDb\02 - Table - GameEvent.sql = Databases\EventStoreDb\02 - Table - GameEvent.sql
		Databases\EventStoreDb\03 - Table - GameEventData.sql = Databases\EventStoreDb\03 - Table - GameEventData.sql
		Databases\EventStoreDb\04 - Table - GameSnapshot.sql = Databases\EventStoreDb\04 - Table - GameSnapshot.sql
		Databases\EventStoreDb\05 - View - GameData.sql = Databases\EventStoreDb\05 - View - GameData.sql
	EndProjectSection
EndProject
Project("{2150E333-8FDC-42A3-9474-1A3956D46DE8}") = "ReadModel", "ReadModel", "{92510BB6-A767-4BA1-9957-614B361F23A8}"
	ProjectSection(SolutionItems) = preProject
		Databases\ReadModel\04 - GameBoard.sql = Databases\ReadModel\04 - GameBoard.sql
		Databases\ReadModel\02 - Game.sql = Databases\ReadModel\02 - Game.sql
		Databases\ReadModel\01 - Schema - Battleship.sql = Databases\ReadModel\01 - Schema - Battleship.sql
		Databases\ReadModel\03 - Player.sql = Databases\ReadModel\03 - Player.sql
		Databases\ReadModel\06 - Vessel.sql = Databases\ReadModel\06 - Vessel.sql
		Databases\ReadModel\05 - Panel.sql = Databases\ReadModel\05 - Panel.sql
	EndProjectSection
EndProject
Project("{FAE04EC0-301F-11D3-BF4B-00C04F79EFBC}") = "frm.Infrastructure.Persistence", "frm.Infrastructure.Persistence\frm.Infrastructure.Persistence.csproj", "{12013B43-CB9A-49C2-BC61-A97D59DE473D}"
EndProject
Global
	GlobalSection(SolutionConfigurationPlatforms) = preSolution
		Debug|Any CPU = Debug|Any CPU
		Release|Any CPU = Release|Any CPU
	EndGlobalSection
	GlobalSection(ProjectConfigurationPlatforms) = postSolution
		{E58F9B75-FBBD-4558-879B-856088F26DBB}.Debug|Any CPU.ActiveCfg = Debug|Any CPU
		{E58F9B75-FBBD-4558-879B-856088F26DBB}.Debug|Any CPU.Build.0 = Debug|Any CPU
		{E58F9B75-FBBD-4558-879B-856088F26DBB}.Release|Any CPU.ActiveCfg = Release|Any CPU
		{E58F9B75-FBBD-4558-879B-856088F26DBB}.Release|Any CPU.Build.0 = Release|Any CPU
		{8FD1BCD4-F13C-4C33-AB34-4C3FD10A9A22}.Debug|Any CPU.ActiveCfg = Debug|Any CPU
		{8FD1BCD4-F13C-4C33-AB34-4C3FD10A9A22}.Debug|Any CPU.Build.0 = Debug|Any CPU
		{8FD1BCD4-F13C-4C33-AB34-4C3FD10A9A22}.Release|Any CPU.ActiveCfg = Release|Any CPU
		{8FD1BCD4-F13C-4C33-AB34-4C3FD10A9A22}.Release|Any CPU.Build.0 = Release|Any CPU
		{AA93F870-D0DD-4463-AB00-FB85090D34FB}.Debug|Any CPU.ActiveCfg = Debug|Any CPU
		{AA93F870-D0DD-4463-AB00-FB85090D34FB}.Debug|Any CPU.Build.0 = Debug|Any CPU
		{AA93F870-D0DD-4463-AB00-FB85090D34FB}.Release|Any CPU.ActiveCfg = Release|Any CPU
		{AA93F870-D0DD-4463-AB00-FB85090D34FB}.Release|Any CPU.Build.0 = Release|Any CPU
		{AD85EF9F-21F0-4C68-96D6-B22445EE330F}.Debug|Any CPU.ActiveCfg = Debug|Any CPU
		{AD85EF9F-21F0-4C68-96D6-B22445EE330F}.Debug|Any CPU.Build.0 = Debug|Any CPU
		{AD85EF9F-21F0-4C68-96D6-B22445EE330F}.Release|Any CPU.ActiveCfg = Release|Any CPU
		{AD85EF9F-21F0-4C68-96D6-B22445EE330F}.Release|Any CPU.Build.0 = Release|Any CPU
		{C6B18493-D706-4966-98AB-4C17C825ADB7}.Debug|Any CPU.ActiveCfg = Debug|Any CPU
		{C6B18493-D706-4966-98AB-4C17C825ADB7}.Debug|Any CPU.Build.0 = Debug|Any CPU
		{C6B18493-D706-4966-98AB-4C17C825ADB7}.Release|Any CPU.ActiveCfg = Release|Any CPU
		{C6B18493-D706-4966-98AB-4C17C825ADB7}.Release|Any CPU.Build.0 = Release|Any CPU
		{1950627B-4BA6-494A-BAAA-391C1374613C}.Debug|Any CPU.ActiveCfg = Debug|Any CPU
		{1950627B-4BA6-494A-BAAA-391C1374613C}.Debug|Any CPU.Build.0 = Debug|Any CPU
		{1950627B-4BA6-494A-BAAA-391C1374613C}.Release|Any CPU.ActiveCfg = Release|Any CPU
		{1950627B-4BA6-494A-BAAA-391C1374613C}.Release|Any CPU.Build.0 = Release|Any CPU
		{E3429FF5-7257-40F6-8888-10B61A067C2E}.Debug|Any CPU.ActiveCfg = Debug|Any CPU
		{E3429FF5-7257-40F6-8888-10B61A067C2E}.Debug|Any CPU.Build.0 = Debug|Any CPU
		{E3429FF5-7257-40F6-8888-10B61A067C2E}.Release|Any CPU.ActiveCfg = Release|Any CPU
		{E3429FF5-7257-40F6-8888-10B61A067C2E}.Release|Any CPU.Build.0 = Release|Any CPU
		{19669D89-1244-4893-8CEB-8C00B39DFD48}.Debug|Any CPU.ActiveCfg = Debug|Any CPU
		{19669D89-1244-4893-8CEB-8C00B39DFD48}.Debug|Any CPU.Build.0 = Debug|Any CPU
		{19669D89-1244-4893-8CEB-8C00B39DFD48}.Release|Any CPU.ActiveCfg = Release|Any CPU
		{19669D89-1244-4893-8CEB-8C00B39DFD48}.Release|Any CPU.Build.0 = Release|Any CPU
		{2F556DC8-9E25-439C-A613-5379E171EA74}.Debug|Any CPU.ActiveCfg = Debug|Any CPU
		{2F556DC8-9E25-439C-A613-5379E171EA74}.Debug|Any CPU.Build.0 = Debug|Any CPU
		{2F556DC8-9E25-439C-A613-5379E171EA74}.Release|Any CPU.ActiveCfg = Release|Any CPU
		{2F556DC8-9E25-439C-A613-5379E171EA74}.Release|Any CPU.Build.0 = Release|Any CPU
		{0D9A01A7-0057-4664-B7C6-15DCC5D80783}.Debug|Any CPU.ActiveCfg = Debug|Any CPU
		{0D9A01A7-0057-4664-B7C6-15DCC5D80783}.Debug|Any CPU.Build.0 = Debug|Any CPU
		{0D9A01A7-0057-4664-B7C6-15DCC5D80783}.Release|Any CPU.ActiveCfg = Release|Any CPU
		{0D9A01A7-0057-4664-B7C6-15DCC5D80783}.Release|Any CPU.Build.0 = Release|Any CPU
		{BDF1FC57-3826-49A4-B760-745552535FB0}.Debug|Any CPU.ActiveCfg = Debug|Any CPU
		{BDF1FC57-3826-49A4-B760-745552535FB0}.Debug|Any CPU.Build.0 = Debug|Any CPU
		{BDF1FC57-3826-49A4-B760-745552535FB0}.Release|Any CPU.ActiveCfg = Release|Any CPU
		{BDF1FC57-3826-49A4-B760-745552535FB0}.Release|Any CPU.Build.0 = Release|Any CPU
		{12013B43-CB9A-49C2-BC61-A97D59DE473D}.Debug|Any CPU.ActiveCfg = Debug|Any CPU
		{12013B43-CB9A-49C2-BC61-A97D59DE473D}.Debug|Any CPU.Build.0 = Debug|Any CPU
		{12013B43-CB9A-49C2-BC61-A97D59DE473D}.Release|Any CPU.ActiveCfg = Release|Any CPU
		{12013B43-CB9A-49C2-BC61-A97D59DE473D}.Release|Any CPU.Build.0 = Release|Any CPU
	EndGlobalSection
	GlobalSection(NestedProjects) = preSolution
		{F3DFF260-DA90-469A-8EF4-5F4EE5EDD29C} = {BEC279AB-F7BB-4144-9A58-F7FE6E501EBD}
		{95F99403-714B-4A8D-AB08-5C3693F9F96F} = {BEC279AB-F7BB-4144-9A58-F7FE6E501EBD}
		{4AAFCCC7-4253-4980-8F5E-DD9264A1BEDB} = {BEC279AB-F7BB-4144-9A58-F7FE6E501EBD}
		{9D118E6F-E0E1-4222-8E77-94B68DCCB23E} = {BEC279AB-F7BB-4144-9A58-F7FE6E501EBD}
		{26C25983-34D3-4620-BD16-51C2860420C1} = {BEC279AB-F7BB-4144-9A58-F7FE6E501EBD}
		{88E2192E-0D61-46FE-8C70-9FAE87918309} = {7D60AC5C-33FB-4968-AEC9-B9E08EAA51F3}
		{93DF07C7-B156-4E1A-8AD4-28D846AF831B} = {7D60AC5C-33FB-4968-AEC9-B9E08EAA51F3}
		{E4C955A8-4185-4D7B-8D9C-57711C308514} = {7D60AC5C-33FB-4968-AEC9-B9E08EAA51F3}
		{C426FE33-A8EB-4135-8A93-7E3630794F47} = {7D60AC5C-33FB-4968-AEC9-B9E08EAA51F3}
		{BF2697E3-DF08-4145-8F1C-955D1EAF55CE} = {7D60AC5C-33FB-4968-AEC9-B9E08EAA51F3}
		{E58F9B75-FBBD-4558-879B-856088F26DBB} = {26C25983-34D3-4620-BD16-51C2860420C1}
		{8FD1BCD4-F13C-4C33-AB34-4C3FD10A9A22} = {9D118E6F-E0E1-4222-8E77-94B68DCCB23E}
		{AA93F870-D0DD-4463-AB00-FB85090D34FB} = {4AAFCCC7-4253-4980-8F5E-DD9264A1BEDB}
		{AD85EF9F-21F0-4C68-96D6-B22445EE330F} = {4AAFCCC7-4253-4980-8F5E-DD9264A1BEDB}
		{C6B18493-D706-4966-98AB-4C17C825ADB7} = {F3DFF260-DA90-469A-8EF4-5F4EE5EDD29C}
		{1950627B-4BA6-494A-BAAA-391C1374613C} = {F3DFF260-DA90-469A-8EF4-5F4EE5EDD29C}
		{E3429FF5-7257-40F6-8888-10B61A067C2E} = {88E2192E-0D61-46FE-8C70-9FAE87918309}
		{19669D89-1244-4893-8CEB-8C00B39DFD48} = {88E2192E-0D61-46FE-8C70-9FAE87918309}
		{2F556DC8-9E25-439C-A613-5379E171EA74} = {88E2192E-0D61-46FE-8C70-9FAE87918309}
		{B54E25F5-A0EB-4C17-A748-41C9C1947195} = {E2E2A960-EB1F-463C-ADCA-BFBAC7CB5E5F}
		{0D9A01A7-0057-4664-B7C6-15DCC5D80783} = {F3DFF260-DA90-469A-8EF4-5F4EE5EDD29C}
		{F42450AE-5E33-40FD-AABD-ECA2E0443023} = {BEC279AB-F7BB-4144-9A58-F7FE6E501EBD}
		{BDF1FC57-3826-49A4-B760-745552535FB0} = {F42450AE-5E33-40FD-AABD-ECA2E0443023}
		{7955BE4C-B825-4F97-9660-181E2992C27D} = {B54E25F5-A0EB-4C17-A748-41C9C1947195}
		{92510BB6-A767-4BA1-9957-614B361F23A8} = {B54E25F5-A0EB-4C17-A748-41C9C1947195}
		{12013B43-CB9A-49C2-BC61-A97D59DE473D} = {F3DFF260-DA90-469A-8EF4-5F4EE5EDD29C}
	EndGlobalSection
EndGlobal
